
Microsoft Visual Studio Solution File, Format Version 12.00
# Visual Studio Version 16
VisualStudioVersion = 16.0.808.7
MinimumVisualStudioVersion = 10.0.40219.1
Project("{FAE04EC0-301F-11D3-BF4B-00C04F79EFBC}") = "DoesItHavePermutation", "DoesItHavePermutation\DoesItHavePermutation.csproj", "{240328EF-80BF-4D99-968B-DF0A747BABB2}"
EndProject
Project("{FAE04EC0-301F-11D3-BF4B-00C04F79EFBC}") = "UnitTest", "UnitTest\UnitTest.csproj", "{E4ABC2E0-A01D-4363-8288-29CE10A6E559}"
EndProject
Global
	GlobalSection(SolutionConfigurationPlatforms) = preSolution
		Debug|Any CPU = Debug|Any CPU
		Release|Any CPU = Release|Any CPU
	EndGlobalSection
	GlobalSection(ProjectConfigurationPlatforms) = postSolution
		{240328EF-80BF-4D99-968B-DF0A747BABB2}.Debug|Any CPU.ActiveCfg = Debug|Any CPU
		{240328EF-80BF-4D99-968B-DF0A747BABB2}.Debug|Any CPU.Build.0 = Debug|Any CPU
		{240328EF-80BF-4D99-968B-DF0A747BABB2}.Release|Any CPU.ActiveCfg = Release|Any CPU
		{240328EF-80BF-4D99-968B-DF0A747BABB2}.Release|Any CPU.Build.0 = Release|Any CPU
		{E4ABC2E0-A01D-4363-8288-29CE10A6E559}.Debug|Any CPU.ActiveCfg = Debug|Any CPU
		{E4ABC2E0-A01D-4363-8288-29CE10A6E559}.Debug|Any CPU.Build.0 = Debug|Any CPU
		{E4ABC2E0-A01D-4363-8288-29CE10A6E559}.Release|Any CPU.ActiveCfg = Release|Any CPU
		{E4ABC2E0-A01D-4363-8288-29CE10A6E559}.Release|Any CPU.Build.0 = Release|Any CPU
	EndGlobalSection
	GlobalSection(SolutionProperties) = preSolution
		HideSolutionNode = FALSE
	EndGlobalSection
	GlobalSection(ExtensibilityGlobals) = postSolution
		SolutionGuid = {F93C82B8-237B-4ECF-94ED-F08DB95A33AF}
	EndGlobalSection
EndGlobal
